
Microsoft Visual Studio Solution File, Format Version 12.00
# Visual Studio Version 16
VisualStudioVersion = 16.0.31613.86
MinimumVisualStudioVersion = 10.0.40219.1
Project("{9A19103F-16F7-4668-BE54-9A1E7A4F7556}") = "Blog.Common", "Blog.Common\Blog.Common.csproj", "{72B955A4-1258-4012-984B-C4C37EDFCE37}"
EndProject
Project("{9A19103F-16F7-4668-BE54-9A1E7A4F7556}") = "Blog.Entities", "Blog.Entities\Blog.Entities.csproj", "{C3BA748C-3D5B-4BD6-9962-DAD947ACEBCE}"
EndProject
Project("{9A19103F-16F7-4668-BE54-9A1E7A4F7556}") = "Blog.Data", "Blog.Data\Blog.Data.csproj", "{A2D61C07-B6EA-43A6-9CC8-DCC70EFF32F6}"
EndProject
Project("{9A19103F-16F7-4668-BE54-9A1E7A4F7556}") = "Blog.Business", "Blog.Business\Blog.Business.csproj", "{435FC73F-DE99-45FF-A8F1-6DDBCBCAE6DD}"
EndProject
Project("{9A19103F-16F7-4668-BE54-9A1E7A4F7556}") = "Blog.Mvc", "Blog.Mvc\Blog.Mvc.csproj", "{8F044034-293A-43A1-B112-70856D407155}"
EndProject
Global
	GlobalSection(SolutionConfigurationPlatforms) = preSolution
		Debug|Any CPU = Debug|Any CPU
		Release|Any CPU = Release|Any CPU
	EndGlobalSection
	GlobalSection(ProjectConfigurationPlatforms) = postSolution
		{72B955A4-1258-4012-984B-C4C37EDFCE37}.Debug|Any CPU.ActiveCfg = Debug|Any CPU
		{72B955A4-1258-4012-984B-C4C37EDFCE37}.Debug|Any CPU.Build.0 = Debug|Any CPU
		{72B955A4-1258-4012-984B-C4C37EDFCE37}.Release|Any CPU.ActiveCfg = Release|Any CPU
		{72B955A4-1258-4012-984B-C4C37EDFCE37}.Release|Any CPU.Build.0 = Release|Any CPU
		{C3BA748C-3D5B-4BD6-9962-DAD947ACEBCE}.Debug|Any CPU.ActiveCfg = Debug|Any CPU
		{C3BA748C-3D5B-4BD6-9962-DAD947ACEBCE}.Debug|Any CPU.Build.0 = Debug|Any CPU
		{C3BA748C-3D5B-4BD6-9962-DAD947ACEBCE}.Release|Any CPU.ActiveCfg = Release|Any CPU
		{C3BA748C-3D5B-4BD6-9962-DAD947ACEBCE}.Release|Any CPU.Build.0 = Release|Any CPU
		{A2D61C07-B6EA-43A6-9CC8-DCC70EFF32F6}.Debug|Any CPU.ActiveCfg = Debug|Any CPU
		{A2D61C07-B6EA-43A6-9CC8-DCC70EFF32F6}.Debug|Any CPU.Build.0 = Debug|Any CPU
		{A2D61C07-B6EA-43A6-9CC8-DCC70EFF32F6}.Release|Any CPU.ActiveCfg = Release|Any CPU
		{A2D61C07-B6EA-43A6-9CC8-DCC70EFF32F6}.Release|Any CPU.Build.0 = Release|Any CPU
		{435FC73F-DE99-45FF-A8F1-6DDBCBCAE6DD}.Debug|Any CPU.ActiveCfg = Debug|Any CPU
		{435FC73F-DE99-45FF-A8F1-6DDBCBCAE6DD}.Debug|Any CPU.Build.0 = Debug|Any CPU
		{435FC73F-DE99-45FF-A8F1-6DDBCBCAE6DD}.Release|Any CPU.ActiveCfg = Release|Any CPU
		{435FC73F-DE99-45FF-A8F1-6DDBCBCAE6DD}.Release|Any CPU.Build.0 = Release|Any CPU
		{8F044034-293A-43A1-B112-70856D407155}.Debug|Any CPU.ActiveCfg = Debug|Any CPU
		{8F044034-293A-43A1-B112-70856D407155}.Debug|Any CPU.Build.0 = Debug|Any CPU
		{8F044034-293A-43A1-B112-70856D407155}.Release|Any CPU.ActiveCfg = Release|Any CPU
		{8F044034-293A-43A1-B112-70856D407155}.Release|Any CPU.Build.0 = Release|Any CPU
	EndGlobalSection
	GlobalSection(SolutionProperties) = preSolution
		HideSolutionNode = FALSE
	EndGlobalSection
	GlobalSection(ExtensibilityGlobals) = postSolution
		SolutionGuid = {ECE1A3D2-65EF-4769-9581-6BCF9B89D495}
	EndGlobalSection
EndGlobal
